
Microsoft Visual Studio Solution File, Format Version 12.00
# Visual Studio Version 16
VisualStudioVersion = 16.0.31129.286
MinimumVisualStudioVersion = 10.0.40219.1
Project("{FAE04EC0-301F-11D3-BF4B-00C04F79EFBC}") = "ApiSample", "ApiSample.csproj", "{DD772A2E-EE69-46EB-AF31-60B5D774F270}"
EndProject
Global
	GlobalSection(SolutionConfigurationPlatforms) = preSolution
		Debug|Any CPU = Debug|Any CPU
		Release|Any CPU = Release|Any CPU
	EndGlobalSection
	GlobalSection(ProjectConfigurationPlatforms) = postSolution
		{DD772A2E-EE69-46EB-AF31-60B5D774F270}.Debug|Any CPU.ActiveCfg = Debug|Any CPU
		{DD772A2E-EE69-46EB-AF31-60B5D774F270}.Debug|Any CPU.Build.0 = Debug|Any CPU
		{DD772A2E-EE69-46EB-AF31-60B5D774F270}.Release|Any CPU.ActiveCfg = Release|Any CPU
		{DD772A2E-EE69-46EB-AF31-60B5D774F270}.Release|Any CPU.Build.0 = Release|Any CPU
	EndGlobalSection
	GlobalSection(SolutionProperties) = preSolution
		HideSolutionNode = FALSE
	EndGlobalSection
	GlobalSection(ExtensibilityGlobals) = postSolution
		SolutionGuid = {F0260965-0FD7-48FD-8DB0-48DAF2CB2DA1}
	EndGlobalSection
EndGlobal
